
Microsoft Visual Studio Solution File, Format Version 12.00
# Visual Studio Version 17
VisualStudioVersion = 17.9.34728.123
MinimumVisualStudioVersion = 10.0.40219.1
Project("{2150E333-8FDC-42A3-9474-1A3956D46DE8}") = "src", "src", "{9D60BB41-8F28-43A5-9DD6-001FFA42519F}"
EndProject
Project("{2150E333-8FDC-42A3-9474-1A3956D46DE8}") = "Tests", "Tests", "{1FD641CE-B762-431A-8A72-A1251A5C82A4}"
EndProject
Project("{9A19103F-16F7-4668-BE54-9A1E7A4F7556}") = "GatewayOcelot.Gateway", "src\GatewayOcelot.Gateway\GatewayOcelot.Gateway.csproj", "{A97A25EF-8B07-4B60-837B-CF5CAA356BC9}"
EndProject
Project("{9A19103F-16F7-4668-BE54-9A1E7A4F7556}") = "GatewayOcelot.Products.API", "src\GatewayOcelot.Products.API\GatewayOcelot.Products.API.csproj", "{233E1AE6-2030-45A1-A909-99956EE9D7CA}"
EndProject
Project("{9A19103F-16F7-4668-BE54-9A1E7A4F7556}") = "GatewayOcelot.Recommendations.API", "src\GatewayOcelot.Recommendations.API\GatewayOcelot.Recommendations.API.csproj", "{9CFA1110-C985-4992-A039-60E7998AC70D}"
EndProject
Project("{9A19103F-16F7-4668-BE54-9A1E7A4F7556}") = "Products.UnitTests", "tests\Products.UnitTests\Products.UnitTests.csproj", "{BF853D50-8C66-48B2-863D-EC0BE7D2A9D1}"
EndProject
Project("{E53339B2-1760-4266-BCC7-CA923CBCF16C}") = "docker-compose", "docker-compose.dcproj", "{1D554213-56ED-428D-A91E-CC5C219D743F}"
EndProject
Global
	GlobalSection(SolutionConfigurationPlatforms) = preSolution
		Debug|Any CPU = Debug|Any CPU
		Release|Any CPU = Release|Any CPU
	EndGlobalSection
	GlobalSection(ProjectConfigurationPlatforms) = postSolution
		{A97A25EF-8B07-4B60-837B-CF5CAA356BC9}.Debug|Any CPU.ActiveCfg = Debug|Any CPU
		{A97A25EF-8B07-4B60-837B-CF5CAA356BC9}.Debug|Any CPU.Build.0 = Debug|Any CPU
		{A97A25EF-8B07-4B60-837B-CF5CAA356BC9}.Release|Any CPU.ActiveCfg = Release|Any CPU
		{A97A25EF-8B07-4B60-837B-CF5CAA356BC9}.Release|Any CPU.Build.0 = Release|Any CPU
		{233E1AE6-2030-45A1-A909-99956EE9D7CA}.Debug|Any CPU.ActiveCfg = Debug|Any CPU
		{233E1AE6-2030-45A1-A909-99956EE9D7CA}.Debug|Any CPU.Build.0 = Debug|Any CPU
		{233E1AE6-2030-45A1-A909-99956EE9D7CA}.Release|Any CPU.ActiveCfg = Release|Any CPU
		{233E1AE6-2030-45A1-A909-99956EE9D7CA}.Release|Any CPU.Build.0 = Release|Any CPU
		{9CFA1110-C985-4992-A039-60E7998AC70D}.Debug|Any CPU.ActiveCfg = Debug|Any CPU
		{9CFA1110-C985-4992-A039-60E7998AC70D}.Debug|Any CPU.Build.0 = Debug|Any CPU
		{9CFA1110-C985-4992-A039-60E7998AC70D}.Release|Any CPU.ActiveCfg = Release|Any CPU
		{9CFA1110-C985-4992-A039-60E7998AC70D}.Release|Any CPU.Build.0 = Release|Any CPU
		{BF853D50-8C66-48B2-863D-EC0BE7D2A9D1}.Debug|Any CPU.ActiveCfg = Debug|Any CPU
		{BF853D50-8C66-48B2-863D-EC0BE7D2A9D1}.Debug|Any CPU.Build.0 = Debug|Any CPU
		{BF853D50-8C66-48B2-863D-EC0BE7D2A9D1}.Release|Any CPU.ActiveCfg = Release|Any CPU
		{BF853D50-8C66-48B2-863D-EC0BE7D2A9D1}.Release|Any CPU.Build.0 = Release|Any CPU
		{1D554213-56ED-428D-A91E-CC5C219D743F}.Debug|Any CPU.ActiveCfg = Debug|Any CPU
		{1D554213-56ED-428D-A91E-CC5C219D743F}.Debug|Any CPU.Build.0 = Debug|Any CPU
		{1D554213-56ED-428D-A91E-CC5C219D743F}.Release|Any CPU.ActiveCfg = Release|Any CPU
		{1D554213-56ED-428D-A91E-CC5C219D743F}.Release|Any CPU.Build.0 = Release|Any CPU
	EndGlobalSection
	GlobalSection(SolutionProperties) = preSolution
		HideSolutionNode = FALSE
	EndGlobalSection
	GlobalSection(NestedProjects) = preSolution
		{A97A25EF-8B07-4B60-837B-CF5CAA356BC9} = {9D60BB41-8F28-43A5-9DD6-001FFA42519F}
		{233E1AE6-2030-45A1-A909-99956EE9D7CA} = {9D60BB41-8F28-43A5-9DD6-001FFA42519F}
		{9CFA1110-C985-4992-A039-60E7998AC70D} = {9D60BB41-8F28-43A5-9DD6-001FFA42519F}
		{BF853D50-8C66-48B2-863D-EC0BE7D2A9D1} = {1FD641CE-B762-431A-8A72-A1251A5C82A4}
	EndGlobalSection
	GlobalSection(ExtensibilityGlobals) = postSolution
		SolutionGuid = {9FA1D432-F0DD-4422-AD66-4C8C042BAF3E}
	EndGlobalSection
EndGlobal
